
Microsoft Visual Studio Solution File, Format Version 11.00
# Visual Studio 2010
Project("{FAE04EC0-301F-11D3-BF4B-00C04F79EFBC}") = "YBD", "YBD\YBD.csproj", "{A9B05C6B-13E8-49F8-B03F-1AF01D6C6905}"
EndProject
Global
	GlobalSection(SolutionConfigurationPlatforms) = preSolution
		Debug|iPhoneSimulator = Debug|iPhoneSimulator
		Release|iPhoneSimulator = Release|iPhoneSimulator
		Debug|iPhone = Debug|iPhone
		Release|iPhone = Release|iPhone
		Ad-Hoc|iPhone = Ad-Hoc|iPhone
		AppStore|iPhone = AppStore|iPhone
	EndGlobalSection
	GlobalSection(ProjectConfigurationPlatforms) = postSolution
		{A9B05C6B-13E8-49F8-B03F-1AF01D6C6905}.Ad-Hoc|iPhone.ActiveCfg = Ad-Hoc|iPhone
		{A9B05C6B-13E8-49F8-B03F-1AF01D6C6905}.Ad-Hoc|iPhone.Build.0 = Ad-Hoc|iPhone
		{A9B05C6B-13E8-49F8-B03F-1AF01D6C6905}.AppStore|iPhone.ActiveCfg = AppStore|iPhone
		{A9B05C6B-13E8-49F8-B03F-1AF01D6C6905}.AppStore|iPhone.Build.0 = AppStore|iPhone
		{A9B05C6B-13E8-49F8-B03F-1AF01D6C6905}.Debug|iPhone.ActiveCfg = Debug|iPhone
		{A9B05C6B-13E8-49F8-B03F-1AF01D6C6905}.Debug|iPhone.Build.0 = Debug|iPhone
		{A9B05C6B-13E8-49F8-B03F-1AF01D6C6905}.Debug|iPhoneSimulator.ActiveCfg = Debug|iPhoneSimulator
		{A9B05C6B-13E8-49F8-B03F-1AF01D6C6905}.Debug|iPhoneSimulator.Build.0 = Debug|iPhoneSimulator
		{A9B05C6B-13E8-49F8-B03F-1AF01D6C6905}.Release|iPhone.ActiveCfg = Release|iPhone
		{A9B05C6B-13E8-49F8-B03F-1AF01D6C6905}.Release|iPhone.Build.0 = Release|iPhone
		{A9B05C6B-13E8-49F8-B03F-1AF01D6C6905}.Release|iPhoneSimulator.ActiveCfg = Release|iPhoneSimulator
		{A9B05C6B-13E8-49F8-B03F-1AF01D6C6905}.Release|iPhoneSimulator.Build.0 = Release|iPhoneSimulator
	EndGlobalSection
	GlobalSection(MonoDevelopProperties) = preSolution
		StartupItem = YBD\YBD.csproj
	EndGlobalSection
EndGlobal
